
Microsoft Visual Studio Solution File, Format Version 11.00
# Visual Studio 2010
Project("{8BC9CEB8-8B4A-11D0-8D11-00A0C91BC942}") = "minihlslparser", "minihlslparser\minihlslparser.vcxproj", "{91A385F7-F1A4-4F79-A013-7DBFA2E3D057}"
EndProject
Project("{8BC9CEB8-8B4A-11D0-8D11-00A0C91BC942}") = "SimpleParserSample", "SimpleParserSample\SimpleParserSample.vcxproj", "{26A2E08E-8F7F-4BF4-8B92-57ABD5681EE0}"
	ProjectSection(ProjectDependencies) = postProject
		{91A385F7-F1A4-4F79-A013-7DBFA2E3D057} = {91A385F7-F1A4-4F79-A013-7DBFA2E3D057}
	EndProjectSection
EndProject
Global
	GlobalSection(SolutionConfigurationPlatforms) = preSolution
		Debug|Win32 = Debug|Win32
		Release|Win32 = Release|Win32
	EndGlobalSection
	GlobalSection(ProjectConfigurationPlatforms) = postSolution
		{91A385F7-F1A4-4F79-A013-7DBFA2E3D057}.Debug|Win32.ActiveCfg = Debug|Win32
		{91A385F7-F1A4-4F79-A013-7DBFA2E3D057}.Debug|Win32.Build.0 = Debug|Win32
		{91A385F7-F1A4-4F79-A013-7DBFA2E3D057}.Release|Win32.ActiveCfg = Release|Win32
		{91A385F7-F1A4-4F79-A013-7DBFA2E3D057}.Release|Win32.Build.0 = Release|Win32
		{26A2E08E-8F7F-4BF4-8B92-57ABD5681EE0}.Debug|Win32.ActiveCfg = Debug|Win32
		{26A2E08E-8F7F-4BF4-8B92-57ABD5681EE0}.Debug|Win32.Build.0 = Debug|Win32
		{26A2E08E-8F7F-4BF4-8B92-57ABD5681EE0}.Release|Win32.ActiveCfg = Release|Win32
		{26A2E08E-8F7F-4BF4-8B92-57ABD5681EE0}.Release|Win32.Build.0 = Release|Win32
	EndGlobalSection
	GlobalSection(SolutionProperties) = preSolution
		HideSolutionNode = FALSE
	EndGlobalSection
EndGlobal
